<?xml version="1.0" encoding="utf-8"?>
<Project ToolsVersion="4.0" xmlns="http://schemas.microsoft.com/developer/msbuild/2003">
  <ItemGroup>
    <ClCompile Include="src\main.cpp" />
    <ClCompile Include="src\Game.cpp" />
    <ClCompile Include="src\GameState.cpp" />
  </ItemGroup>
  <ItemGroup>
    <ClInclude Include="include\Game.h" />
    <ClInclude Include="include\Util.h" />
    <ClInclude Include="include\GameState.h" />
    <ClInclude Include="src\Util.cpp" />
  </ItemGroup>
</Project>